
Microsoft Visual Studio Solution File, Format Version 12.00
# Visual Studio Version 17
VisualStudioVersion = 17.6.33829.357
MinimumVisualStudioVersion = 10.0.40219.1
Project("{FAE04EC0-301F-11D3-BF4B-00C04F79EFBC}") = "forVGTU", "forVGTU\forVGTU.csproj", "{D1C50EDF-302F-4EC4-A440-C02C5DA03EC2}"
EndProject
Global
	GlobalSection(SolutionConfigurationPlatforms) = preSolution
		Debug|Any CPU = Debug|Any CPU
		Release|Any CPU = Release|Any CPU
	EndGlobalSection
	GlobalSection(ProjectConfigurationPlatforms) = postSolution
		{D1C50EDF-302F-4EC4-A440-C02C5DA03EC2}.Debug|Any CPU.ActiveCfg = Debug|Any CPU
		{D1C50EDF-302F-4EC4-A440-C02C5DA03EC2}.Debug|Any CPU.Build.0 = Debug|Any CPU
		{D1C50EDF-302F-4EC4-A440-C02C5DA03EC2}.Release|Any CPU.ActiveCfg = Release|Any CPU
		{D1C50EDF-302F-4EC4-A440-C02C5DA03EC2}.Release|Any CPU.Build.0 = Release|Any CPU
	EndGlobalSection
	GlobalSection(SolutionProperties) = preSolution
		HideSolutionNode = FALSE
	EndGlobalSection
	GlobalSection(ExtensibilityGlobals) = postSolution
		SolutionGuid = {395DC67B-4CF1-4661-8595-9C2E5A2F38E2}
	EndGlobalSection
EndGlobal
